
Microsoft Visual Studio Solution File, Format Version 12.00
# Visual Studio Version 17
VisualStudioVersion = 17.6.33829.357
MinimumVisualStudioVersion = 10.0.40219.1
Project("{FAE04EC0-301F-11D3-BF4B-00C04F79EFBC}") = "WebApplication9", "WebApplication9\WebApplication9.csproj", "{32541B62-9045-41B2-B060-2EB5AB6F152C}"
EndProject
Global
	GlobalSection(SolutionConfigurationPlatforms) = preSolution
		Debug|Any CPU = Debug|Any CPU
		Release|Any CPU = Release|Any CPU
	EndGlobalSection
	GlobalSection(ProjectConfigurationPlatforms) = postSolution
		{32541B62-9045-41B2-B060-2EB5AB6F152C}.Debug|Any CPU.ActiveCfg = Debug|Any CPU
		{32541B62-9045-41B2-B060-2EB5AB6F152C}.Debug|Any CPU.Build.0 = Debug|Any CPU
		{32541B62-9045-41B2-B060-2EB5AB6F152C}.Release|Any CPU.ActiveCfg = Release|Any CPU
		{32541B62-9045-41B2-B060-2EB5AB6F152C}.Release|Any CPU.Build.0 = Release|Any CPU
	EndGlobalSection
	GlobalSection(SolutionProperties) = preSolution
		HideSolutionNode = FALSE
	EndGlobalSection
	GlobalSection(ExtensibilityGlobals) = postSolution
		SolutionGuid = {16C7EA5C-453A-4B14-8D91-17A76C7953FB}
	EndGlobalSection
EndGlobal
